// !$*UTF8*$!
{
	archiveVersion = 1;
	classes = {
	};
	objectVersion = 56;
	objects = {

/* Begin PBXBuildFile section */
		43F82E782BB614D50003107C /* SpottyApp.swift in Sources */ = {isa = PBXBuildFile; fileRef = 43F82E772BB614D50003107C /* SpottyApp.swift */; };
		43F82E7A2BB614D50003107C /* ContentView.swift in Sources */ = {isa = PBXBuildFile; fileRef = 43F82E792BB614D50003107C /* ContentView.swift */; };
		43F82E7C2BB614D70003107C /* Assets.xcassets in Resources */ = {isa = PBXBuildFile; fileRef = 43F82E7B2BB614D70003107C /* Assets.xcassets */; };
		43F82E7F2BB614D70003107C /* Preview Assets.xcassets in Resources */ = {isa = PBXBuildFile; fileRef = 43F82E7E2BB614D70003107C /* Preview Assets.xcassets */; };
		43F82E812BB614D70003107C /* Persistence.swift in Sources */ = {isa = PBXBuildFile; fileRef = 43F82E802BB614D70003107C /* Persistence.swift */; };
		43F82E842BB614D70003107C /* Spotty.xcdatamodeld in Sources */ = {isa = PBXBuildFile; fileRef = 43F82E822BB614D70003107C /* Spotty.xcdatamodeld */; };
		43F82E8E2BB614D70003107C /* SpottyTests.swift in Sources */ = {isa = PBXBuildFile; fileRef = 43F82E8D2BB614D70003107C /* SpottyTests.swift */; };
		43F82E982BB614D70003107C /* SpottyUITests.swift in Sources */ = {isa = PBXBuildFile; fileRef = 43F82E972BB614D70003107C /* SpottyUITests.swift */; };
		43F82E9A2BB614D70003107C /* SpottyUITestsLaunchTests.swift in Sources */ = {isa = PBXBuildFile; fileRef = 43F82E992BB614D70003107C /* SpottyUITestsLaunchTests.swift */; };
		518C54862BB749B2009CD716 /* UserSettings.swift in Sources */ = {isa = PBXBuildFile; fileRef = 518C54852BB749B2009CD716 /* UserSettings.swift */; };
		51F0187E2BB65FCD0082C534 /* FlightFetcher.swift in Sources */ = {isa = PBXBuildFile; fileRef = 51F0187D2BB65FCD0082C534 /* FlightFetcher.swift */; };
		51F4B8252BC06D6000CC4B71 /* SpottedFlightsStore.swift in Sources */ = {isa = PBXBuildFile; fileRef = 51F4B8242BC06D6000CC4B71 /* SpottedFlightsStore.swift */; };
/* End PBXBuildFile section */

/* Begin PBXContainerItemProxy section */
		43F82E8A2BB614D70003107C /* PBXContainerItemProxy */ = {
			isa = PBXContainerItemProxy;
			containerPortal = 43F82E6C2BB614D50003107C /* Project object */;
			proxyType = 1;
			remoteGlobalIDString = 43F82E732BB614D50003107C;
			remoteInfo = Spotty;
		};
		43F82E942BB614D70003107C /* PBXContainerItemProxy */ = {
			isa = PBXContainerItemProxy;
			containerPortal = 43F82E6C2BB614D50003107C /* Project object */;
			proxyType = 1;
			remoteGlobalIDString = 43F82E732BB614D50003107C;
			remoteInfo = Spotty;
		};
/* End PBXContainerItemProxy section */

/* Begin PBXFileReference section */
		43F82E742BB614D50003107C /* Spotty.app */ = {isa = PBXFileReference; explicitFileType = wrapper.application; includeInIndex = 0; path = Spotty.app; sourceTree = BUILT_PRODUCTS_DIR; };
		43F82E772BB614D50003107C /* SpottyApp.swift */ = {isa = PBXFileReference; lastKnownFileType = sourcecode.swift; path = SpottyApp.swift; sourceTree = "<group>"; };
		43F82E792BB614D50003107C /* ContentView.swift */ = {isa = PBXFileReference; lastKnownFileType = sourcecode.swift; path = ContentView.swift; sourceTree = "<group>"; };
		43F82E7B2BB614D70003107C /* Assets.xcassets */ = {isa = PBXFileReference; lastKnownFileType = folder.assetcatalog; path = Assets.xcassets; sourceTree = "<group>"; };
		43F82E7E2BB614D70003107C /* Preview Assets.xcassets */ = {isa = PBXFileReference; lastKnownFileType = folder.assetcatalog; path = "Preview Assets.xcassets"; sourceTree = "<group>"; };
		43F82E802BB614D70003107C /* Persistence.swift */ = {isa = PBXFileReference; lastKnownFileType = sourcecode.swift; path = Persistence.swift; sourceTree = "<group>"; };
		43F82E832BB614D70003107C /* Spotty.xcdatamodel */ = {isa = PBXFileReference; lastKnownFileType = wrapper.xcdatamodel; path = Spotty.xcdatamodel; sourceTree = "<group>"; };
		43F82E892BB614D70003107C /* SpottyTests.xctest */ = {isa = PBXFileReference; explicitFileType = wrapper.cfbundle; includeInIndex = 0; path = SpottyTests.xctest; sourceTree = BUILT_PRODUCTS_DIR; };
		43F82E8D2BB614D70003107C /* SpottyTests.swift */ = {isa = PBXFileReference; lastKnownFileType = sourcecode.swift; path = SpottyTests.swift; sourceTree = "<group>"; };
		43F82E932BB614D70003107C /* SpottyUITests.xctest */ = {isa = PBXFileReference; explicitFileType = wrapper.cfbundle; includeInIndex = 0; path = SpottyUITests.xctest; sourceTree = BUILT_PRODUCTS_DIR; };
		43F82E972BB614D70003107C /* SpottyUITests.swift */ = {isa = PBXFileReference; lastKnownFileType = sourcecode.swift; path = SpottyUITests.swift; sourceTree = "<group>"; };
		43F82E992BB614D70003107C /* SpottyUITestsLaunchTests.swift */ = {isa = PBXFileReference; lastKnownFileType = sourcecode.swift; path = SpottyUITestsLaunchTests.swift; sourceTree = "<group>"; };
		518C54852BB749B2009CD716 /* UserSettings.swift */ = {isa = PBXFileReference; lastKnownFileType = sourcecode.swift; path = UserSettings.swift; sourceTree = "<group>"; };
		51F0187D2BB65FCD0082C534 /* FlightFetcher.swift */ = {isa = PBXFileReference; lastKnownFileType = sourcecode.swift; path = FlightFetcher.swift; sourceTree = "<group>"; };
		51F4B8242BC06D6000CC4B71 /* SpottedFlightsStore.swift */ = {isa = PBXFileReference; lastKnownFileType = sourcecode.swift; path = SpottedFlightsStore.swift; sourceTree = "<group>"; };
/* End PBXFileReference section */

/* Begin PBXFrameworksBuildPhase section */
		43F82E712BB614D50003107C /* Frameworks */ = {
			isa = PBXFrameworksBuildPhase;
			buildActionMask = 2147483647;
			files = (
			);
			runOnlyForDeploymentPostprocessing = 0;
		};
		43F82E862BB614D70003107C /* Frameworks */ = {
			isa = PBXFrameworksBuildPhase;
			buildActionMask = 2147483647;
			files = (
			);
			runOnlyForDeploymentPostprocessing = 0;
		};
		43F82E902BB614D70003107C /* Frameworks */ = {
			isa = PBXFrameworksBuildPhase;
			buildActionMask = 2147483647;
			files = (
			);
			runOnlyForDeploymentPostprocessing = 0;
		};
/* End PBXFrameworksBuildPhase section */

/* Begin PBXGroup section */
		43F82E6B2BB614D50003107C = {
			isa = PBXGroup;
			children = (
				43F82E762BB614D50003107C /* Spotty */,
				43F82E8C2BB614D70003107C /* SpottyTests */,
				43F82E962BB614D70003107C /* SpottyUITests */,
				43F82E752BB614D50003107C /* Products */,
			);
			sourceTree = "<group>";
		};
		43F82E752BB614D50003107C /* Products */ = {
			isa = PBXGroup;
			children = (
				43F82E742BB614D50003107C /* Spotty.app */,
				43F82E892BB614D70003107C /* SpottyTests.xctest */,
				43F82E932BB614D70003107C /* SpottyUITests.xctest */,
			);
			name = Products;
			sourceTree = "<group>";
		};
		43F82E762BB614D50003107C /* Spotty */ = {
			isa = PBXGroup;
			children = (
				43F82E772BB614D50003107C /* SpottyApp.swift */,
				43F82E792BB614D50003107C /* ContentView.swift */,
				51F4B8242BC06D6000CC4B71 /* SpottedFlightsStore.swift */,
				518C54852BB749B2009CD716 /* UserSettings.swift */,
				43F82E7B2BB614D70003107C /* Assets.xcassets */,
				43F82E802BB614D70003107C /* Persistence.swift */,
				43F82E822BB614D70003107C /* Spotty.xcdatamodeld */,
				43F82E7D2BB614D70003107C /* Preview Content */,
				51F0187D2BB65FCD0082C534 /* FlightFetcher.swift */,
			);
			path = Spotty;
			sourceTree = "<group>";
		};
		43F82E7D2BB614D70003107C /* Preview Content */ = {
			isa = PBXGroup;
			children = (
				43F82E7E2BB614D70003107C /* Preview Assets.xcassets */,
			);
			path = "Preview Content";
			sourceTree = "<group>";
		};
		43F82E8C2BB614D70003107C /* SpottyTests */ = {
			isa = PBXGroup;
			children = (
				43F82E8D2BB614D70003107C /* SpottyTests.swift */,
			);
			path = SpottyTests;
			sourceTree = "<group>";
		};
		43F82E962BB614D70003107C /* SpottyUITests */ = {
			isa = PBXGroup;
			children = (
				43F82E972BB614D70003107C /* SpottyUITests.swift */,
				43F82E992BB614D70003107C /* SpottyUITestsLaunchTests.swift */,
			);
			path = SpottyUITests;
			sourceTree = "<group>";
		};
/* End PBXGroup section */

/* Begin PBXNativeTarget section */
		43F82E732BB614D50003107C /* Spotty */ = {
			isa = PBXNativeTarget;
			buildConfigurationList = 43F82E9D2BB614D70003107C /* Build configuration list for PBXNativeTarget "Spotty" */;
			buildPhases = (
				43F82E702BB614D50003107C /* Sources */,
				43F82E712BB614D50003107C /* Frameworks */,
				43F82E722BB614D50003107C /* Resources */,
			);
			buildRules = (
			);
			dependencies = (
			);
			name = Spotty;
			productName = Spotty;
			productReference = 43F82E742BB614D50003107C /* Spotty.app */;
			productType = "com.apple.product-type.application";
		};
		43F82E882BB614D70003107C /* SpottyTests */ = {
			isa = PBXNativeTarget;
			buildConfigurationList = 43F82EA02BB614D70003107C /* Build configuration list for PBXNativeTarget "SpottyTests" */;
			buildPhases = (
				43F82E852BB614D70003107C /* Sources */,
				43F82E862BB614D70003107C /* Frameworks */,
				43F82E872BB614D70003107C /* Resources */,
			);
			buildRules = (
			);
			dependencies = (
				43F82E8B2BB614D70003107C /* PBXTargetDependency */,
			);
			name = SpottyTests;
			productName = SpottyTests;
			productReference = 43F82E892BB614D70003107C /* SpottyTests.xctest */;
			productType = "com.apple.product-type.bundle.unit-test";
		};
		43F82E922BB614D70003107C /* SpottyUITests */ = {
			isa = PBXNativeTarget;
			buildConfigurationList = 43F82EA32BB614D70003107C /* Build configuration list for PBXNativeTarget "SpottyUITests" */;
			buildPhases = (
				43F82E8F2BB614D70003107C /* Sources */,
				43F82E902BB614D70003107C /* Frameworks */,
				43F82E912BB614D70003107C /* Resources */,
			);
			buildRules = (
			);
			dependencies = (
				43F82E952BB614D70003107C /* PBXTargetDependency */,
			);
			name = SpottyUITests;
			productName = SpottyUITests;
			productReference = 43F82E932BB614D70003107C /* SpottyUITests.xctest */;
			productType = "com.apple.product-type.bundle.ui-testing";
		};
/* End PBXNativeTarget section */

/* Begin PBXProject section */
		43F82E6C2BB614D50003107C /* Project object */ = {
			isa = PBXProject;
			attributes = {
				BuildIndependentTargetsInParallel = 1;
				LastSwiftUpdateCheck = 1430;
				LastUpgradeCheck = 1530;
				TargetAttributes = {
					43F82E732BB614D50003107C = {
						CreatedOnToolsVersion = 14.3.1;
					};
					43F82E882BB614D70003107C = {
						CreatedOnToolsVersion = 14.3.1;
						TestTargetID = 43F82E732BB614D50003107C;
					};
					43F82E922BB614D70003107C = {
						CreatedOnToolsVersion = 14.3.1;
						TestTargetID = 43F82E732BB614D50003107C;
					};
				};
			};
			buildConfigurationList = 43F82E6F2BB614D50003107C /* Build configuration list for PBXProject "Spotty" */;
			compatibilityVersion = "Xcode 14.0";
			developmentRegion = en;
			hasScannedForEncodings = 0;
			knownRegions = (
				en,
				Base,
			);
			mainGroup = 43F82E6B2BB614D50003107C;
			productRefGroup = 43F82E752BB614D50003107C /* Products */;
			projectDirPath = "";
			projectRoot = "";
			targets = (
				43F82E732BB614D50003107C /* Spotty */,
				43F82E882BB614D70003107C /* SpottyTests */,
				43F82E922BB614D70003107C /* SpottyUITests */,
			);
		};
/* End PBXProject section */

/* Begin PBXResourcesBuildPhase section */
		43F82E722BB614D50003107C /* Resources */ = {
			isa = PBXResourcesBuildPhase;
			buildActionMask = 2147483647;
			files = (
				43F82E7F2BB614D70003107C /* Preview Assets.xcassets in Resources */,
				43F82E7C2BB614D70003107C /* Assets.xcassets in Resources */,
			);
			runOnlyForDeploymentPostprocessing = 0;
		};
		43F82E872BB614D70003107C /* Resources */ = {
			isa = PBXResourcesBuildPhase;
			buildActionMask = 2147483647;
			files = (
			);
			runOnlyForDeploymentPostprocessing = 0;
		};
		43F82E912BB614D70003107C /* Resources */ = {
			isa = PBXResourcesBuildPhase;
			buildActionMask = 2147483647;
			files = (
			);
			runOnlyForDeploymentPostprocessing = 0;
		};
/* End PBXResourcesBuildPhase section */

/* Begin PBXSourcesBuildPhase section */
		43F82E702BB614D50003107C /* Sources */ = {
			isa = PBXSourcesBuildPhase;
			buildActionMask = 2147483647;
			files = (
				43F82E812BB614D70003107C /* Persistence.swift in Sources */,
				518C54862BB749B2009CD716 /* UserSettings.swift in Sources */,
				51F0187E2BB65FCD0082C534 /* FlightFetcher.swift in Sources */,
				43F82E7A2BB614D50003107C /* ContentView.swift in Sources */,
				43F82E842BB614D70003107C /* Spotty.xcdatamodeld in Sources */,
				51F4B8252BC06D6000CC4B71 /* SpottedFlightsStore.swift in Sources */,
				43F82E782BB614D50003107C /* SpottyApp.swift in Sources */,
			);
			runOnlyForDeploymentPostprocessing = 0;
		};
		43F82E852BB614D70003107C /* Sources */ = {
			isa = PBXSourcesBuildPhase;
			buildActionMask = 2147483647;
			files = (
				43F82E8E2BB614D70003107C /* SpottyTests.swift in Sources */,
			);
			runOnlyForDeploymentPostprocessing = 0;
		};
		43F82E8F2BB614D70003107C /* Sources */ = {
			isa = PBXSourcesBuildPhase;
			buildActionMask = 2147483647;
			files = (
				43F82E982BB614D70003107C /* SpottyUITests.swift in Sources */,
				43F82E9A2BB614D70003107C /* SpottyUITestsLaunchTests.swift in Sources */,
			);
			runOnlyForDeploymentPostprocessing = 0;
		};
/* End PBXSourcesBuildPhase section */

/* Begin PBXTargetDependency section */
		43F82E8B2BB614D70003107C /* PBXTargetDependency */ = {
			isa = PBXTargetDependency;
			target = 43F82E732BB614D50003107C /* Spotty */;
			targetProxy = 43F82E8A2BB614D70003107C /* PBXContainerItemProxy */;
		};
		43F82E952BB614D70003107C /* PBXTargetDependency */ = {
			isa = PBXTargetDependency;
			target = 43F82E732BB614D50003107C /* Spotty */;
			targetProxy = 43F82E942BB614D70003107C /* PBXContainerItemProxy */;
		};
/* End PBXTargetDependency section */

/* Begin XCBuildConfiguration section */
		43F82E9B2BB614D70003107C /* Debug */ = {
			isa = XCBuildConfiguration;
			buildSettings = {
				ALWAYS_SEARCH_USER_PATHS = NO;
				CLANG_ANALYZER_NONNULL = YES;
				CLANG_ANALYZER_NUMBER_OBJECT_CONVERSION = YES_AGGRESSIVE;
				CLANG_CXX_LANGUAGE_STANDARD = "gnu++20";
				CLANG_ENABLE_MODULES = YES;
				CLANG_ENABLE_OBJC_ARC = YES;
				CLANG_ENABLE_OBJC_WEAK = YES;
				CLANG_WARN_BLOCK_CAPTURE_AUTORELEASING = YES;
				CLANG_WARN_BOOL_CONVERSION = YES;
				CLANG_WARN_COMMA = YES;
				CLANG_WARN_CONSTANT_CONVERSION = YES;
				CLANG_WARN_DEPRECATED_OBJC_IMPLEMENTATIONS = YES;
				CLANG_WARN_DIRECT_OBJC_ISA_USAGE = YES_ERROR;
				CLANG_WARN_DOCUMENTATION_COMMENTS = YES;
				CLANG_WARN_EMPTY_BODY = YES;
				CLANG_WARN_ENUM_CONVERSION = YES;
				CLANG_WARN_INFINITE_RECURSION = YES;
				CLANG_WARN_INT_CONVERSION = YES;
				CLANG_WARN_NON_LITERAL_NULL_CONVERSION = YES;
				CLANG_WARN_OBJC_IMPLICIT_RETAIN_SELF = YES;
				CLANG_WARN_OBJC_LITERAL_CONVERSION = YES;
				CLANG_WARN_OBJC_ROOT_CLASS = YES_ERROR;
				CLANG_WARN_QUOTED_INCLUDE_IN_FRAMEWORK_HEADER = YES;
				CLANG_WARN_RANGE_LOOP_ANALYSIS = YES;
				CLANG_WARN_STRICT_PROTOTYPES = YES;
				CLANG_WARN_SUSPICIOUS_MOVE = YES;
				CLANG_WARN_UNGUARDED_AVAILABILITY = YES_AGGRESSIVE;
				CLANG_WARN_UNREACHABLE_CODE = YES;
				CLANG_WARN__DUPLICATE_METHOD_MATCH = YES;
				COPY_PHASE_STRIP = NO;
				DEBUG_INFORMATION_FORMAT = dwarf;
				ENABLE_STRICT_OBJC_MSGSEND = YES;
				ENABLE_TESTABILITY = YES;
				ENABLE_USER_SCRIPT_SANDBOXING = YES;
				GCC_C_LANGUAGE_STANDARD = gnu11;
				GCC_DYNAMIC_NO_PIC = NO;
				GCC_NO_COMMON_BLOCKS = YES;
				GCC_OPTIMIZATION_LEVEL = 0;
				GCC_PREPROCESSOR_DEFINITIONS = (
					"DEBUG=1",
					"$(inherited)",
				);
				GCC_WARN_64_TO_32_BIT_CONVERSION = YES;
				GCC_WARN_ABOUT_RETURN_TYPE = YES_ERROR;
				GCC_WARN_UNDECLARED_SELECTOR = YES;
				GCC_WARN_UNINITIALIZED_AUTOS = YES_AGGRESSIVE;
				GCC_WARN_UNUSED_FUNCTION = YES;
				GCC_WARN_UNUSED_VARIABLE = YES;
				IPHONEOS_DEPLOYMENT_TARGET = 16.4;
				MTL_ENABLE_DEBUG_INFO = INCLUDE_SOURCE;
				MTL_FAST_MATH = YES;
				ONLY_ACTIVE_ARCH = YES;
				SDKROOT = iphoneos;
				SWIFT_ACTIVE_COMPILATION_CONDITIONS = DEBUG;
				SWIFT_OPTIMIZATION_LEVEL = "-Onone";
			};
			name = Debug;
		};
		43F82E9C2BB614D70003107C /* Release */ = {
			isa = XCBuildConfiguration;
			buildSettings = {
				ALWAYS_SEARCH_USER_PATHS = NO;
				CLANG_ANALYZER_NONNULL = YES;
				CLANG_ANALYZER_NUMBER_OBJECT_CONVERSION = YES_AGGRESSIVE;
				CLANG_CXX_LANGUAGE_STANDARD = "gnu++20";
				CLANG_ENABLE_MODULES = YES;
				CLANG_ENABLE_OBJC_ARC = YES;
				CLANG_ENABLE_OBJC_WEAK = YES;
				CLANG_WARN_BLOCK_CAPTURE_AUTORELEASING = YES;
				CLANG_WARN_BOOL_CONVERSION = YES;
				CLANG_WARN_COMMA = YES;
				CLANG_WARN_CONSTANT_CONVERSION = YES;
				CLANG_WARN_DEPRECATED_OBJC_IMPLEMENTATIONS = YES;
				CLANG_WARN_DIRECT_OBJC_ISA_USAGE = YES_ERROR;
				CLANG_WARN_DOCUMENTATION_COMMENTS = YES;
				CLANG_WARN_EMPTY_BODY = YES;
				CLANG_WARN_ENUM_CONVERSION = YES;
				CLANG_WARN_INFINITE_RECURSION = YES;
				CLANG_WARN_INT_CONVERSION = YES;
				CLANG_WARN_NON_LITERAL_NULL_CONVERSION = YES;
				CLANG_WARN_OBJC_IMPLICIT_RETAIN_SELF = YES;
				CLANG_WARN_OBJC_LITERAL_CONVERSION = YES;
				CLANG_WARN_OBJC_ROOT_CLASS = YES_ERROR;
				CLANG_WARN_QUOTED_INCLUDE_IN_FRAMEWORK_HEADER = YES;
				CLANG_WARN_RANGE_LOOP_ANALYSIS = YES;
				CLANG_WARN_STRICT_PROTOTYPES = YES;
				CLANG_WARN_SUSPICIOUS_MOVE = YES;
				CLANG_WARN_UNGUARDED_AVAILABILITY = YES_AGGRESSIVE;
				CLANG_WARN_UNREACHABLE_CODE = YES;
				CLANG_WARN__DUPLICATE_METHOD_MATCH = YES;
				COPY_PHASE_STRIP = NO;
				DEBUG_INFORMATION_FORMAT = "dwarf-with-dsym";
				ENABLE_NS_ASSERTIONS = NO;
				ENABLE_STRICT_OBJC_MSGSEND = YES;
				ENABLE_USER_SCRIPT_SANDBOXING = YES;
				GCC_C_LANGUAGE_STANDARD = gnu11;
				GCC_NO_COMMON_BLOCKS = YES;
				GCC_WARN_64_TO_32_BIT_CONVERSION = YES;
				GCC_WARN_ABOUT_RETURN_TYPE = YES_ERROR;
				GCC_WARN_UNDECLARED_SELECTOR = YES;
				GCC_WARN_UNINITIALIZED_AUTOS = YES_AGGRESSIVE;
				GCC_WARN_UNUSED_FUNCTION = YES;
				GCC_WARN_UNUSED_VARIABLE = YES;
				IPHONEOS_DEPLOYMENT_TARGET = 16.4;
				MTL_ENABLE_DEBUG_INFO = NO;
				MTL_FAST_MATH = YES;
				SDKROOT = iphoneos;
				SWIFT_COMPILATION_MODE = wholemodule;
				SWIFT_OPTIMIZATION_LEVEL = "-O";
				VALIDATE_PRODUCT = YES;
			};
			name = Release;
		};
		43F82E9E2BB614D70003107C /* Debug */ = {
			isa = XCBuildConfiguration;
			buildSettings = {
				ASSETCATALOG_COMPILER_APPICON_NAME = AppIcon;
				ASSETCATALOG_COMPILER_GLOBAL_ACCENT_COLOR_NAME = AccentColor;
				CODE_SIGN_STYLE = Automatic;
				CURRENT_PROJECT_VERSION = 1;
				DEVELOPMENT_ASSET_PATHS = "\"Spotty/Preview Content\"";
				DEVELOPMENT_TEAM = 964RU98ZVN;
				ENABLE_PREVIEWS = YES;
				GENERATE_INFOPLIST_FILE = YES;
				INFOPLIST_KEY_NSLocationWhenInUseUsageDescription = "access to your location to show nearby flights.";
				INFOPLIST_KEY_UIApplicationSceneManifest_Generation = YES;
				INFOPLIST_KEY_UIApplicationSupportsIndirectInputEvents = YES;
				INFOPLIST_KEY_UILaunchScreen_Generation = YES;
				INFOPLIST_KEY_UISupportedInterfaceOrientations_iPad = "UIInterfaceOrientationPortrait UIInterfaceOrientationPortraitUpsideDown UIInterfaceOrientationLandscapeLeft UIInterfaceOrientationLandscapeRight";
				INFOPLIST_KEY_UISupportedInterfaceOrientations_iPhone = "UIInterfaceOrientationPortrait UIInterfaceOrientationLandscapeLeft UIInterfaceOrientationLandscapeRight";
				LD_RUNPATH_SEARCH_PATHS = (
					"$(inherited)",
					"@executable_path/Frameworks",
				);
				MARKETING_VERSION = 1.0;
				PRODUCT_BUNDLE_IDENTIFIER = ArchonDevs.Spotty;
				PRODUCT_NAME = "$(TARGET_NAME)";
				SWIFT_EMIT_LOC_STRINGS = YES;
				SWIFT_VERSION = 5.0;
				TARGETED_DEVICE_FAMILY = "1,2";
			};
			name = Debug;
		};
		43F82E9F2BB614D70003107C /* Release */ = {
			isa = XCBuildConfiguration;
			buildSettings = {
				ASSETCATALOG_COMPILER_APPICON_NAME = AppIcon;
				ASSETCATALOG_COMPILER_GLOBAL_ACCENT_COLOR_NAME = AccentColor;
				CODE_SIGN_STYLE = Automatic;
				CURRENT_PROJECT_VERSION = 1;
				DEVELOPMENT_ASSET_PATHS = "\"Spotty/Preview Content\"";
				DEVELOPMENT_TEAM = 964RU98ZVN;
				ENABLE_PREVIEWS = YES;
				GENERATE_INFOPLIST_FILE = YES;
				INFOPLIST_KEY_NSLocationWhenInUseUsageDescription = "access to your location to show nearby flights.";
				INFOPLIST_KEY_UIApplicationSceneManifest_Generation = YES;
				INFOPLIST_KEY_UIApplicationSupportsIndirectInputEvents = YES;
				INFOPLIST_KEY_UILaunchScreen_Generation = YES;
				INFOPLIST_KEY_UISupportedInterfaceOrientations_iPad = "UIInterfaceOrientationPortrait UIInterfaceOrientationPortraitUpsideDown UIInterfaceOrientationLandscapeLeft UIInterfaceOrientationLandscapeRight";
				INFOPLIST_KEY_UISupportedInterfaceOrientations_iPhone = "UIInterfaceOrientationPortrait UIInterfaceOrientationLandscapeLeft UIInterfaceOrientationLandscapeRight";
				LD_RUNPATH_SEARCH_PATHS = (
					"$(inherited)",
					"@executable_path/Frameworks",
				);
				MARKETING_VERSION = 1.0;
				PRODUCT_BUNDLE_IDENTIFIER = ArchonDevs.Spotty;
				PRODUCT_NAME = "$(TARGET_NAME)";
				SWIFT_EMIT_LOC_STRINGS = YES;
				SWIFT_VERSION = 5.0;
				TARGETED_DEVICE_FAMILY = "1,2";
			};
			name = Release;
		};
		43F82EA12BB614D70003107C /* Debug */ = {
			isa = XCBuildConfiguration;
			buildSettings = {
				ALWAYS_EMBED_SWIFT_STANDARD_LIBRARIES = YES;
				BUNDLE_LOADER = "$(TEST_HOST)";
				CODE_SIGN_STYLE = Automatic;
				CURRENT_PROJECT_VERSION = 1;
				DEVELOPMENT_TEAM = 49L67B6252;
				GENERATE_INFOPLIST_FILE = YES;
				IPHONEOS_DEPLOYMENT_TARGET = 16.4;
				MARKETING_VERSION = 1.0;
				PRODUCT_BUNDLE_IDENTIFIER = ArchonDevs.SpottyTests;
				PRODUCT_NAME = "$(TARGET_NAME)";
				SWIFT_EMIT_LOC_STRINGS = NO;
				SWIFT_VERSION = 5.0;
				TARGETED_DEVICE_FAMILY = "1,2";
				TEST_HOST = "$(BUILT_PRODUCTS_DIR)/Spotty.app/$(BUNDLE_EXECUTABLE_FOLDER_PATH)/Spotty";
			};
			name = Debug;
		};
		43F82EA22BB614D70003107C /* Release */ = {
			isa = XCBuildConfiguration;
			buildSettings = {
				ALWAYS_EMBED_SWIFT_STANDARD_LIBRARIES = YES;
				BUNDLE_LOADER = "$(TEST_HOST)";
				CODE_SIGN_STYLE = Automatic;
				CURRENT_PROJECT_VERSION = 1;
				DEVELOPMENT_TEAM = 49L67B6252;
				GENERATE_INFOPLIST_FILE = YES;
				IPHONEOS_DEPLOYMENT_TARGET = 16.4;
				MARKETING_VERSION = 1.0;
				PRODUCT_BUNDLE_IDENTIFIER = ArchonDevs.SpottyTests;
				PRODUCT_NAME = "$(TARGET_NAME)";
				SWIFT_EMIT_LOC_STRINGS = NO;
				SWIFT_VERSION = 5.0;
				TARGETED_DEVICE_FAMILY = "1,2";
				TEST_HOST = "$(BUILT_PRODUCTS_DIR)/Spotty.app/$(BUNDLE_EXECUTABLE_FOLDER_PATH)/Spotty";
			};
			name = Release;
		};
		43F82EA42BB614D70003107C /* Debug */ = {
			isa = XCBuildConfiguration;
			buildSettings = {
				ALWAYS_EMBED_SWIFT_STANDARD_LIBRARIES = YES;
				CODE_SIGN_STYLE = Automatic;
				CURRENT_PROJECT_VERSION = 1;
				DEVELOPMENT_TEAM = 49L67B6252;
				GENERATE_INFOPLIST_FILE = YES;
				MARKETING_VERSION = 1.0;
				PRODUCT_BUNDLE_IDENTIFIER = ArchonDevs.SpottyUITests;
				PRODUCT_NAME = "$(TARGET_NAME)";
				SWIFT_EMIT_LOC_STRINGS = NO;
				SWIFT_VERSION = 5.0;
				TARGETED_DEVICE_FAMILY = "1,2";
				TEST_TARGET_NAME = Spotty;
			};
			name = Debug;
		};
		43F82EA52BB614D70003107C /* Release */ = {
			isa = XCBuildConfiguration;
			buildSettings = {
				ALWAYS_EMBED_SWIFT_STANDARD_LIBRARIES = YES;
				CODE_SIGN_STYLE = Automatic;
				CURRENT_PROJECT_VERSION = 1;
				DEVELOPMENT_TEAM = 49L67B6252;
				GENERATE_INFOPLIST_FILE = YES;
				MARKETING_VERSION = 1.0;
				PRODUCT_BUNDLE_IDENTIFIER = ArchonDevs.SpottyUITests;
				PRODUCT_NAME = "$(TARGET_NAME)";
				SWIFT_EMIT_LOC_STRINGS = NO;
				SWIFT_VERSION = 5.0;
				TARGETED_DEVICE_FAMILY = "1,2";
				TEST_TARGET_NAME = Spotty;
			};
			name = Release;
		};
/* End XCBuildConfiguration section */

/* Begin XCConfigurationList section */
		43F82E6F2BB614D50003107C /* Build configuration list for PBXProject "Spotty" */ = {
			isa = XCConfigurationList;
			buildConfigurations = (
				43F82E9B2BB614D70003107C /* Debug */,
				43F82E9C2BB614D70003107C /* Release */,
			);
			defaultConfigurationIsVisible = 0;
			defaultConfigurationName = Release;
		};
		43F82E9D2BB614D70003107C /* Build configuration list for PBXNativeTarget "Spotty" */ = {
			isa = XCConfigurationList;
			buildConfigurations = (
				43F82E9E2BB614D70003107C /* Debug */,
				43F82E9F2BB614D70003107C /* Release */,
			);
			defaultConfigurationIsVisible = 0;
			defaultConfigurationName = Release;
		};
		43F82EA02BB614D70003107C /* Build configuration list for PBXNativeTarget "SpottyTests" */ = {
			isa = XCConfigurationList;
			buildConfigurations = (
				43F82EA12BB614D70003107C /* Debug */,
				43F82EA22BB614D70003107C /* Release */,
			);
			defaultConfigurationIsVisible = 0;
			defaultConfigurationName = Release;
		};
		43F82EA32BB614D70003107C /* Build configuration list for PBXNativeTarget "SpottyUITests" */ = {
			isa = XCConfigurationList;
			buildConfigurations = (
				43F82EA42BB614D70003107C /* Debug */,
				43F82EA52BB614D70003107C /* Release */,
			);
			defaultConfigurationIsVisible = 0;
			defaultConfigurationName = Release;
		};
/* End XCConfigurationList section */

/* Begin XCVersionGroup section */
		43F82E822BB614D70003107C /* Spotty.xcdatamodeld */ = {
			isa = XCVersionGroup;
			children = (
				43F82E832BB614D70003107C /* Spotty.xcdatamodel */,
			);
			currentVersion = 43F82E832BB614D70003107C /* Spotty.xcdatamodel */;
			path = Spotty.xcdatamodeld;
			sourceTree = "<group>";
			versionGroupType = wrapper.xcdatamodel;
		};
/* End XCVersionGroup section */
	};
	rootObject = 43F82E6C2BB614D50003107C /* Project object */;
}
